# THIS IS AN AUTOGENERATED FILE. DO NOT EDIT THIS FILE DIRECTLY.
# yarn lockfile v1


"@fullcalendar/interaction@^6.1.4":
  version "6.1.4"
  resolved "https://registry.npmjs.org/@fullcalendar/interaction/-/interaction-6.1.4.tgz"
  integrity sha512-69G2B61bPiHy7VyTDiwU9l8yRHPUK9XxNxjIdm3N0nvWR6BaUIBDQe8dIWht+IZUf9qirFhnfcLWkRI0fOTWtw==

"@fullcalendar/react@^6.1.4":
  version "6.1.4"
  resolved "https://registry.yarnpkg.com/@fullcalendar/react/-/react-6.1.4.tgz#8113d1e05b1310be43e6eed1e9ffc9b1a52f373b"
  integrity sha512-9nc0uHr7zfhNIMyaM+ftoVqX9UEn+frCjTeofN3lcl3bCYvo2dwLw+n9jBJx//f+NRrSwmIvKq2JrqmF2IrwJA==
